
Microsoft Visual Studio Solution File, Format Version 12.00
# Visual Studio Version 17
VisualStudioVersion = 17.0.31903.59
MinimumVisualStudioVersion = 10.0.40219.1
Project("{2150E333-8FDC-42A3-9474-1A3956D46DE8}") = "src", "src", "{0C857B10-C523-4833-B3FF-6D3A9A7A2099}"
EndProject
Project("{F2A71F9B-5D33-465A-A702-920D77279786}") = "Exercises", "src\Exercises\Exercises.fsproj", "{DCC7AC6B-CA90-4890-B8AB-45BF39157AB2}"
EndProject
Project("{2150E333-8FDC-42A3-9474-1A3956D46DE8}") = "test", "test", "{1C9B3502-1FB1-452A-B5E7-4951A0D52C86}"
EndProject
Project("{F2A71F9B-5D33-465A-A702-920D77279786}") = "Tests", "test\Tests\Tests.fsproj", "{DB1BB7B2-4207-4F77-A40E-CE98C7C13A51}"
EndProject
Global
	GlobalSection(SolutionConfigurationPlatforms) = preSolution
		Debug|Any CPU = Debug|Any CPU
		Release|Any CPU = Release|Any CPU
	EndGlobalSection
	GlobalSection(SolutionProperties) = preSolution
		HideSolutionNode = FALSE
	EndGlobalSection
	GlobalSection(ProjectConfigurationPlatforms) = postSolution
		{DCC7AC6B-CA90-4890-B8AB-45BF39157AB2}.Debug|Any CPU.ActiveCfg = Debug|Any CPU
		{DCC7AC6B-CA90-4890-B8AB-45BF39157AB2}.Debug|Any CPU.Build.0 = Debug|Any CPU
		{DCC7AC6B-CA90-4890-B8AB-45BF39157AB2}.Release|Any CPU.ActiveCfg = Release|Any CPU
		{DCC7AC6B-CA90-4890-B8AB-45BF39157AB2}.Release|Any CPU.Build.0 = Release|Any CPU
		{DB1BB7B2-4207-4F77-A40E-CE98C7C13A51}.Debug|Any CPU.ActiveCfg = Debug|Any CPU
		{DB1BB7B2-4207-4F77-A40E-CE98C7C13A51}.Debug|Any CPU.Build.0 = Debug|Any CPU
		{DB1BB7B2-4207-4F77-A40E-CE98C7C13A51}.Release|Any CPU.ActiveCfg = Release|Any CPU
		{DB1BB7B2-4207-4F77-A40E-CE98C7C13A51}.Release|Any CPU.Build.0 = Release|Any CPU
	EndGlobalSection
	GlobalSection(NestedProjects) = preSolution
		{DCC7AC6B-CA90-4890-B8AB-45BF39157AB2} = {0C857B10-C523-4833-B3FF-6D3A9A7A2099}
		{DB1BB7B2-4207-4F77-A40E-CE98C7C13A51} = {1C9B3502-1FB1-452A-B5E7-4951A0D52C86}
	EndGlobalSection
EndGlobal
